// !$*UTF8*$!
{
	archiveVersion = 1;
	classes = {
	};
	objectVersion = 77;
	objects = {

/* Begin PBXBuildFile section */
		7DD59AAE7CA30B025C9A7FD9 /* Pods_AppForTest.framework in Frameworks */ = {isa = PBXBuildFile; fileRef = 53D67C6AD705029495FC0930 /* Pods_AppForTest.framework */; };
		83A54E7484134E24A14B3F85 /* Pods_AppForTest_AppForTestUITests.framework in Frameworks */ = {isa = PBXBuildFile; fileRef = 36FEA0B7A10A6DBC859D71CA /* Pods_AppForTest_AppForTestUITests.framework */; };
		85A7F10A8647C5AC09890354 /* Pods_AppForTestTests.framework in Frameworks */ = {isa = PBXBuildFile; fileRef = 485FD44E7901B71FE7A14C79 /* Pods_AppForTestTests.framework */; };
/* End PBXBuildFile section */

/* Begin PBXContainerItemProxy section */
		50E877362F7D623C00943B66 /* PBXContainerItemProxy */ = {
			isa = PBXContainerItemProxy;
			containerPortal = 50E877172F7D623B00943B66 /* Project object */;
			proxyType = 1;
			remoteGlobalIDString = 50E8771E2F7D623B00943B66;
			remoteInfo = AppForTest;
		};
		50E877402F7D623C00943B66 /* PBXContainerItemProxy */ = {
			isa = PBXContainerItemProxy;
			containerPortal = 50E877172F7D623B00943B66 /* Project object */;
			proxyType = 1;
			remoteGlobalIDString = 50E8771E2F7D623B00943B66;
			remoteInfo = AppForTest;
		};
/* End PBXContainerItemProxy section */

/* Begin PBXFileReference section */
		02CDFB09A5DB707E390FC00C /* Pods-AppForTest-AppForTestUITests.release.xcconfig */ = {isa = PBXFileReference; includeInIndex = 1; lastKnownFileType = text.xcconfig; name = "Pods-AppForTest-AppForTestUITests.release.xcconfig"; path = "Target Support Files/Pods-AppForTest-AppForTestUITests/Pods-AppForTest-AppForTestUITests.release.xcconfig"; sourceTree = "<group>"; };
		068CFEBFFD13F9D76AA7DE45 /* Pods-AppForTest.release.xcconfig */ = {isa = PBXFileReference; includeInIndex = 1; lastKnownFileType = text.xcconfig; name = "Pods-AppForTest.release.xcconfig"; path = "Target Support Files/Pods-AppForTest/Pods-AppForTest.release.xcconfig"; sourceTree = "<group>"; };
		36FEA0B7A10A6DBC859D71CA /* Pods_AppForTest_AppForTestUITests.framework */ = {isa = PBXFileReference; explicitFileType = wrapper.framework; includeInIndex = 0; path = Pods_AppForTest_AppForTestUITests.framework; sourceTree = BUILT_PRODUCTS_DIR; };
		485FD44E7901B71FE7A14C79 /* Pods_AppForTestTests.framework */ = {isa = PBXFileReference; explicitFileType = wrapper.framework; includeInIndex = 0; path = Pods_AppForTestTests.framework; sourceTree = BUILT_PRODUCTS_DIR; };
		50E8771F2F7D623B00943B66 /* AppForTest.app */ = {isa = PBXFileReference; explicitFileType = wrapper.application; includeInIndex = 0; path = AppForTest.app; sourceTree = BUILT_PRODUCTS_DIR; };
		50E877352F7D623C00943B66 /* AppForTestTests.xctest */ = {isa = PBXFileReference; explicitFileType = wrapper.cfbundle; includeInIndex = 0; path = AppForTestTests.xctest; sourceTree = BUILT_PRODUCTS_DIR; };
		50E8773F2F7D623C00943B66 /* AppForTestUITests.xctest */ = {isa = PBXFileReference; explicitFileType = wrapper.cfbundle; includeInIndex = 0; path = AppForTestUITests.xctest; sourceTree = BUILT_PRODUCTS_DIR; };
		53403BBB53D1BB9B9ADA912A /* Pods-AppForTest-AppForTestUITests.debug.xcconfig */ = {isa = PBXFileReference; includeInIndex = 1; lastKnownFileType = text.xcconfig; name = "Pods-AppForTest-AppForTestUITests.debug.xcconfig"; path = "Target Support Files/Pods-AppForTest-AppForTestUITests/Pods-AppForTest-AppForTestUITests.debug.xcconfig"; sourceTree = "<group>"; };
		53D67C6AD705029495FC0930 /* Pods_AppForTest.framework */ = {isa = PBXFileReference; explicitFileType = wrapper.framework; includeInIndex = 0; path = Pods_AppForTest.framework; sourceTree = BUILT_PRODUCTS_DIR; };
		75979E2C3E70FF948175AFB9 /* Pods-AppForTestTests.release.xcconfig */ = {isa = PBXFileReference; includeInIndex = 1; lastKnownFileType = text.xcconfig; name = "Pods-AppForTestTests.release.xcconfig"; path = "Target Support Files/Pods-AppForTestTests/Pods-AppForTestTests.release.xcconfig"; sourceTree = "<group>"; };
		D674A6B3478D20756B617AB2 /* Pods-AppForTestTests.debug.xcconfig */ = {isa = PBXFileReference; includeInIndex = 1; lastKnownFileType = text.xcconfig; name = "Pods-AppForTestTests.debug.xcconfig"; path = "Target Support Files/Pods-AppForTestTests/Pods-AppForTestTests.debug.xcconfig"; sourceTree = "<group>"; };
		ECA320756A441BF9C2499317 /* Pods-AppForTest.debug.xcconfig */ = {isa = PBXFileReference; includeInIndex = 1; lastKnownFileType = text.xcconfig; name = "Pods-AppForTest.debug.xcconfig"; path = "Target Support Files/Pods-AppForTest/Pods-AppForTest.debug.xcconfig"; sourceTree = "<group>"; };
/* End PBXFileReference section */

/* Begin PBXFileSystemSynchronizedBuildFileExceptionSet section */
		50E877472F7D623C00943B66 /* Exceptions for "AppForTest" folder in "AppForTest" target */ = {
			isa = PBXFileSystemSynchronizedBuildFileExceptionSet;
			membershipExceptions = (
				Info.plist,
			);
			target = 50E8771E2F7D623B00943B66 /* AppForTest */;
		};
/* End PBXFileSystemSynchronizedBuildFileExceptionSet section */

/* Begin PBXFileSystemSynchronizedRootGroup section */
		50E877212F7D623B00943B66 /* AppForTest */ = {
			isa = PBXFileSystemSynchronizedRootGroup;
			exceptions = (
				50E877472F7D623C00943B66 /* Exceptions for "AppForTest" folder in "AppForTest" target */,
			);
			path = AppForTest;
			sourceTree = "<group>";
		};
		50E877382F7D623C00943B66 /* AppForTestTests */ = {
			isa = PBXFileSystemSynchronizedRootGroup;
			path = AppForTestTests;
			sourceTree = "<group>";
		};
/* End PBXFileSystemSynchronizedRootGroup section */

/* Begin PBXFrameworksBuildPhase section */
		50E8771C2F7D623B00943B66 /* Frameworks */ = {
			isa = PBXFrameworksBuildPhase;
			buildActionMask = 2147483647;
			files = (
				7DD59AAE7CA30B025C9A7FD9 /* Pods_AppForTest.framework in Frameworks */,
			);
			runOnlyForDeploymentPostprocessing = 0;
		};
		50E877322F7D623C00943B66 /* Frameworks */ = {
			isa = PBXFrameworksBuildPhase;
			buildActionMask = 2147483647;
			files = (
				85A7F10A8647C5AC09890354 /* Pods_AppForTestTests.framework in Frameworks */,
			);
			runOnlyForDeploymentPostprocessing = 0;
		};
		50E8773C2F7D623C00943B66 /* Frameworks */ = {
			isa = PBXFrameworksBuildPhase;
			buildActionMask = 2147483647;
			files = (
				83A54E7484134E24A14B3F85 /* Pods_AppForTest_AppForTestUITests.framework in Frameworks */,
			);
			runOnlyForDeploymentPostprocessing = 0;
		};
/* End PBXFrameworksBuildPhase section */

/* Begin PBXGroup section */
		06CC09189F80C52AC0A94289 /* Pods */ = {
			isa = PBXGroup;
			children = (
				ECA320756A441BF9C2499317 /* Pods-AppForTest.debug.xcconfig */,
				068CFEBFFD13F9D76AA7DE45 /* Pods-AppForTest.release.xcconfig */,
				53403BBB53D1BB9B9ADA912A /* Pods-AppForTest-AppForTestUITests.debug.xcconfig */,
				02CDFB09A5DB707E390FC00C /* Pods-AppForTest-AppForTestUITests.release.xcconfig */,
				D674A6B3478D20756B617AB2 /* Pods-AppForTestTests.debug.xcconfig */,
				75979E2C3E70FF948175AFB9 /* Pods-AppForTestTests.release.xcconfig */,
			);
			path = Pods;
			sourceTree = "<group>";
		};
		50E877162F7D623B00943B66 = {
			isa = PBXGroup;
			children = (
				50E877212F7D623B00943B66 /* AppForTest */,
				50E877382F7D623C00943B66 /* AppForTestTests */,
				50E877202F7D623B00943B66 /* Products */,
				06CC09189F80C52AC0A94289 /* Pods */,
				E64953D39EDDD06C765D72D7 /* Frameworks */,
			);
			sourceTree = "<group>";
		};
		50E877202F7D623B00943B66 /* Products */ = {
			isa = PBXGroup;
			children = (
				50E8771F2F7D623B00943B66 /* AppForTest.app */,
				50E877352F7D623C00943B66 /* AppForTestTests.xctest */,
				50E8773F2F7D623C00943B66 /* AppForTestUITests.xctest */,
			);
			name = Products;
			sourceTree = "<group>";
		};
		E64953D39EDDD06C765D72D7 /* Frameworks */ = {
			isa = PBXGroup;
			children = (
				53D67C6AD705029495FC0930 /* Pods_AppForTest.framework */,
				36FEA0B7A10A6DBC859D71CA /* Pods_AppForTest_AppForTestUITests.framework */,
				485FD44E7901B71FE7A14C79 /* Pods_AppForTestTests.framework */,
			);
			name = Frameworks;
			sourceTree = "<group>";
		};
/* End PBXGroup section */

/* Begin PBXNativeTarget section */
		50E8771E2F7D623B00943B66 /* AppForTest */ = {
			isa = PBXNativeTarget;
			buildConfigurationList = 50E877482F7D623C00943B66 /* Build configuration list for PBXNativeTarget "AppForTest" */;
			buildPhases = (
				C2C55DAA1E82FFA15BC78186 /* [CP] Check Pods Manifest.lock */,
				50E8771B2F7D623B00943B66 /* Sources */,
				50E8771C2F7D623B00943B66 /* Frameworks */,
				50E8771D2F7D623B00943B66 /* Resources */,
				CDEA26C6F8B4244E614C723C /* [CP] Embed Pods Frameworks */,
			);
			buildRules = (
			);
			dependencies = (
			);
			fileSystemSynchronizedGroups = (
				50E877212F7D623B00943B66 /* AppForTest */,
			);
			name = AppForTest;
			productName = AppForTest;
			productReference = 50E8771F2F7D623B00943B66 /* AppForTest.app */;
			productType = "com.apple.product-type.application";
		};
		50E877342F7D623C00943B66 /* AppForTestTests */ = {
			isa = PBXNativeTarget;
			buildConfigurationList = 50E8774D2F7D623C00943B66 /* Build configuration list for PBXNativeTarget "AppForTestTests" */;
			buildPhases = (
				5B4CCA8162ADA8BB0F0200FD /* [CP] Check Pods Manifest.lock */,
				50E877312F7D623C00943B66 /* Sources */,
				50E877322F7D623C00943B66 /* Frameworks */,
				50E877332F7D623C00943B66 /* Resources */,
			);
			buildRules = (
			);
			dependencies = (
				50E877372F7D623C00943B66 /* PBXTargetDependency */,
			);
			fileSystemSynchronizedGroups = (
				50E877382F7D623C00943B66 /* AppForTestTests */,
			);
			name = AppForTestTests;
			productName = AppForTestTests;
			productReference = 50E877352F7D623C00943B66 /* AppForTestTests.xctest */;
			productType = "com.apple.product-type.bundle.unit-test";
		};
		50E8773E2F7D623C00943B66 /* AppForTestUITests */ = {
			isa = PBXNativeTarget;
			buildConfigurationList = 50E877502F7D623C00943B66 /* Build configuration list for PBXNativeTarget "AppForTestUITests" */;
			buildPhases = (
				2C8493B00037683EB45581CB /* [CP] Check Pods Manifest.lock */,
				50E8773B2F7D623C00943B66 /* Sources */,
				50E8773C2F7D623C00943B66 /* Frameworks */,
				50E8773D2F7D623C00943B66 /* Resources */,
				79AC36EA32DE12A6C6CB470C /* [CP] Embed Pods Frameworks */,
			);
			buildRules = (
			);
			dependencies = (
				50E877412F7D623C00943B66 /* PBXTargetDependency */,
			);
			name = AppForTestUITests;
			productName = AppForTestUITests;
			productReference = 50E8773F2F7D623C00943B66 /* AppForTestUITests.xctest */;
			productType = "com.apple.product-type.bundle.ui-testing";
		};
/* End PBXNativeTarget section */

/* Begin PBXProject section */
		50E877172F7D623B00943B66 /* Project object */ = {
			isa = PBXProject;
			attributes = {
				BuildIndependentTargetsInParallel = 1;
				LastSwiftUpdateCheck = 2600;
				LastUpgradeCheck = 2600;
				TargetAttributes = {
					50E8771E2F7D623B00943B66 = {
						CreatedOnToolsVersion = 26.0.1;
					};
					50E877342F7D623C00943B66 = {
						CreatedOnToolsVersion = 26.0.1;
						TestTargetID = 50E8771E2F7D623B00943B66;
					};
					50E8773E2F7D623C00943B66 = {
						CreatedOnToolsVersion = 26.0.1;
						TestTargetID = 50E8771E2F7D623B00943B66;
					};
				};
			};
			buildConfigurationList = 50E8771A2F7D623B00943B66 /* Build configuration list for PBXProject "AppForTest" */;
			developmentRegion = en;
			hasScannedForEncodings = 0;
			knownRegions = (
				en,
				Base,
			);
			mainGroup = 50E877162F7D623B00943B66;
			minimizedProjectReferenceProxies = 1;
			preferredProjectObjectVersion = 77;
			productRefGroup = 50E877202F7D623B00943B66 /* Products */;
			projectDirPath = "";
			projectRoot = "";
			targets = (
				50E8771E2F7D623B00943B66 /* AppForTest */,
				50E877342F7D623C00943B66 /* AppForTestTests */,
				50E8773E2F7D623C00943B66 /* AppForTestUITests */,
			);
		};
/* End PBXProject section */

/* Begin PBXResourcesBuildPhase section */
		50E8771D2F7D623B00943B66 /* Resources */ = {
			isa = PBXResourcesBuildPhase;
			buildActionMask = 2147483647;
			files = (
			);
			runOnlyForDeploymentPostprocessing = 0;
		};
		50E877332F7D623C00943B66 /* Resources */ = {
			isa = PBXResourcesBuildPhase;
			buildActionMask = 2147483647;
			files = (
			);
			runOnlyForDeploymentPostprocessing = 0;
		};
		50E8773D2F7D623C00943B66 /* Resources */ = {
			isa = PBXResourcesBuildPhase;
			buildActionMask = 2147483647;
			files = (
			);
			runOnlyForDeploymentPostprocessing = 0;
		};
/* End PBXResourcesBuildPhase section */

/* Begin PBXShellScriptBuildPhase section */
		2C8493B00037683EB45581CB /* [CP] Check Pods Manifest.lock */ = {
			isa = PBXShellScriptBuildPhase;
			buildActionMask = 2147483647;
			files = (
			);
			inputFileListPaths = (
			);
			inputPaths = (
				"${PODS_PODFILE_DIR_PATH}/Podfile.lock",
				"${PODS_ROOT}/Manifest.lock",
			);
			name = "[CP] Check Pods Manifest.lock";
			outputFileListPaths = (
			);
			outputPaths = (
				"$(DERIVED_FILE_DIR)/Pods-AppForTest-AppForTestUITests-checkManifestLockResult.txt",
			);
			runOnlyForDeploymentPostprocessing = 0;
			shellPath = /bin/sh;
			shellScript = "diff \"${PODS_PODFILE_DIR_PATH}/Podfile.lock\" \"${PODS_ROOT}/Manifest.lock\" > /dev/null\nif [ $? != 0 ] ; then\n    # print error to STDERR\n    echo \"error: The sandbox is not in sync with the Podfile.lock. Run 'pod install' or update your CocoaPods installation.\" >&2\n    exit 1\nfi\n# This output is used by Xcode 'outputs' to avoid re-running this script phase.\necho \"SUCCESS\" > \"${SCRIPT_OUTPUT_FILE_0}\"\n";
			showEnvVarsInLog = 0;
		};
		5B4CCA8162ADA8BB0F0200FD /* [CP] Check Pods Manifest.lock */ = {
			isa = PBXShellScriptBuildPhase;
			buildActionMask = 2147483647;
			files = (
			);
			inputFileListPaths = (
			);
			inputPaths = (
				"${PODS_PODFILE_DIR_PATH}/Podfile.lock",
				"${PODS_ROOT}/Manifest.lock",
			);
			name = "[CP] Check Pods Manifest.lock";
			outputFileListPaths = (
			);
			outputPaths = (
				"$(DERIVED_FILE_DIR)/Pods-AppForTestTests-checkManifestLockResult.txt",
			);
			runOnlyForDeploymentPostprocessing = 0;
			shellPath = /bin/sh;
			shellScript = "diff \"${PODS_PODFILE_DIR_PATH}/Podfile.lock\" \"${PODS_ROOT}/Manifest.lock\" > /dev/null\nif [ $? != 0 ] ; then\n    # print error to STDERR\n    echo \"error: The sandbox is not in sync with the Podfile.lock. Run 'pod install' or update your CocoaPods installation.\" >&2\n    exit 1\nfi\n# This output is used by Xcode 'outputs' to avoid re-running this script phase.\necho \"SUCCESS\" > \"${SCRIPT_OUTPUT_FILE_0}\"\n";
			showEnvVarsInLog = 0;
		};
		79AC36EA32DE12A6C6CB470C /* [CP] Embed Pods Frameworks */ = {
			isa = PBXShellScriptBuildPhase;
			buildActionMask = 2147483647;
			files = (
			);
			inputFileListPaths = (
				"${PODS_ROOT}/Target Support Files/Pods-AppForTest-AppForTestUITests/Pods-AppForTest-AppForTestUITests-frameworks-${CONFIGURATION}-input-files.xcfilelist",
			);
			inputPaths = (
			);
			name = "[CP] Embed Pods Frameworks";
			outputFileListPaths = (
				"${PODS_ROOT}/Target Support Files/Pods-AppForTest-AppForTestUITests/Pods-AppForTest-AppForTestUITests-frameworks-${CONFIGURATION}-output-files.xcfilelist",
			);
			outputPaths = (
			);
			runOnlyForDeploymentPostprocessing = 0;
			shellPath = /bin/sh;
			shellScript = "\"${PODS_ROOT}/Target Support Files/Pods-AppForTest-AppForTestUITests/Pods-AppForTest-AppForTestUITests-frameworks.sh\"\n";
			showEnvVarsInLog = 0;
		};
		C2C55DAA1E82FFA15BC78186 /* [CP] Check Pods Manifest.lock */ = {
			isa = PBXShellScriptBuildPhase;
			buildActionMask = 2147483647;
			files = (
			);
			inputFileListPaths = (
			);
			inputPaths = (
				"${PODS_PODFILE_DIR_PATH}/Podfile.lock",
				"${PODS_ROOT}/Manifest.lock",
			);
			name = "[CP] Check Pods Manifest.lock";
			outputFileListPaths = (
			);
			outputPaths = (
				"$(DERIVED_FILE_DIR)/Pods-AppForTest-checkManifestLockResult.txt",
			);
			runOnlyForDeploymentPostprocessing = 0;
			shellPath = /bin/sh;
			shellScript = "diff \"${PODS_PODFILE_DIR_PATH}/Podfile.lock\" \"${PODS_ROOT}/Manifest.lock\" > /dev/null\nif [ $? != 0 ] ; then\n    # print error to STDERR\n    echo \"error: The sandbox is not in sync with the Podfile.lock. Run 'pod install' or update your CocoaPods installation.\" >&2\n    exit 1\nfi\n# This output is used by Xcode 'outputs' to avoid re-running this script phase.\necho \"SUCCESS\" > \"${SCRIPT_OUTPUT_FILE_0}\"\n";
			showEnvVarsInLog = 0;
		};
		CDEA26C6F8B4244E614C723C /* [CP] Embed Pods Frameworks */ = {
			isa = PBXShellScriptBuildPhase;
			buildActionMask = 2147483647;
			files = (
			);
			inputFileListPaths = (
				"${PODS_ROOT}/Target Support Files/Pods-AppForTest/Pods-AppForTest-frameworks-${CONFIGURATION}-input-files.xcfilelist",
			);
			inputPaths = (
			);
			name = "[CP] Embed Pods Frameworks";
			outputFileListPaths = (
				"${PODS_ROOT}/Target Support Files/Pods-AppForTest/Pods-AppForTest-frameworks-${CONFIGURATION}-output-files.xcfilelist",
			);
			outputPaths = (
			);
			runOnlyForDeploymentPostprocessing = 0;
			shellPath = /bin/sh;
			shellScript = "\"${PODS_ROOT}/Target Support Files/Pods-AppForTest/Pods-AppForTest-frameworks.sh\"\n";
			showEnvVarsInLog = 0;
		};
/* End PBXShellScriptBuildPhase section */

/* Begin PBXSourcesBuildPhase section */
		50E8771B2F7D623B00943B66 /* Sources */ = {
			isa = PBXSourcesBuildPhase;
			buildActionMask = 2147483647;
			files = (
			);
			runOnlyForDeploymentPostprocessing = 0;
		};
		50E877312F7D623C00943B66 /* Sources */ = {
			isa = PBXSourcesBuildPhase;
			buildActionMask = 2147483647;
			files = (
			);
			runOnlyForDeploymentPostprocessing = 0;
		};
		50E8773B2F7D623C00943B66 /* Sources */ = {
			isa = PBXSourcesBuildPhase;
			buildActionMask = 2147483647;
			files = (
			);
			runOnlyForDeploymentPostprocessing = 0;
		};
/* End PBXSourcesBuildPhase section */

/* Begin PBXTargetDependency section */
		50E877372F7D623C00943B66 /* PBXTargetDependency */ = {
			isa = PBXTargetDependency;
			target = 50E8771E2F7D623B00943B66 /* AppForTest */;
			targetProxy = 50E877362F7D623C00943B66 /* PBXContainerItemProxy */;
		};
		50E877412F7D623C00943B66 /* PBXTargetDependency */ = {
			isa = PBXTargetDependency;
			target = 50E8771E2F7D623B00943B66 /* AppForTest */;
			targetProxy = 50E877402F7D623C00943B66 /* PBXContainerItemProxy */;
		};
/* End PBXTargetDependency section */

/* Begin XCBuildConfiguration section */
		50E877492F7D623C00943B66 /* Debug */ = {
			isa = XCBuildConfiguration;
			baseConfigurationReference = ECA320756A441BF9C2499317 /* Pods-AppForTest.debug.xcconfig */;
			buildSettings = {
				ASSETCATALOG_COMPILER_APPICON_NAME = AppIcon;
				ASSETCATALOG_COMPILER_GLOBAL_ACCENT_COLOR_NAME = AccentColor;
				CODE_SIGN_STYLE = Automatic;
				CURRENT_PROJECT_VERSION = 1;
				DEVELOPMENT_TEAM = JVAJVCXNP9;
				GENERATE_INFOPLIST_FILE = YES;
				INFOPLIST_FILE = AppForTest/Info.plist;
				INFOPLIST_KEY_UIApplicationSupportsIndirectInputEvents = YES;
				INFOPLIST_KEY_UILaunchStoryboardName = LaunchScreen;
				INFOPLIST_KEY_UISupportedInterfaceOrientations_iPad = "UIInterfaceOrientationPortrait UIInterfaceOrientationPortraitUpsideDown UIInterfaceOrientationLandscapeLeft UIInterfaceOrientationLandscapeRight";
				INFOPLIST_KEY_UISupportedInterfaceOrientations_iPhone = "UIInterfaceOrientationPortrait UIInterfaceOrientationLandscapeLeft UIInterfaceOrientationLandscapeRight";
				LD_RUNPATH_SEARCH_PATHS = (
					"$(inherited)",
					"@executable_path/Frameworks",
				);
				MARKETING_VERSION = 1.0;
				PRODUCT_BUNDLE_IDENTIFIER = com.TestProject.AppForTest;
				PRODUCT_NAME = "$(TARGET_NAME)";
				STRING_CATALOG_GENERATE_SYMBOLS = YES;
				SWIFT_APPROACHABLE_CONCURRENCY = YES;
				SWIFT_DEFAULT_ACTOR_ISOLATION = MainActor;
				SWIFT_EMIT_LOC_STRINGS = YES;
				SWIFT_UPCOMING_FEATURE_MEMBER_IMPORT_VISIBILITY = YES;
				SWIFT_VERSION = 5.0;
				TARGETED_DEVICE_FAMILY = "1,2";
			};
			name = Debug;
		};
		50E8774A2F7D623C00943B66 /* Release */ = {
			isa = XCBuildConfiguration;
			baseConfigurationReference = 068CFEBFFD13F9D76AA7DE45 /* Pods-AppForTest.release.xcconfig */;
			buildSettings = {
				ASSETCATALOG_COMPILER_APPICON_NAME = AppIcon;
				ASSETCATALOG_COMPILER_GLOBAL_ACCENT_COLOR_NAME = AccentColor;
				CODE_SIGN_STYLE = Automatic;
				CURRENT_PROJECT_VERSION = 1;
				DEVELOPMENT_TEAM = JVAJVCXNP9;
				GENERATE_INFOPLIST_FILE = YES;
				INFOPLIST_FILE = AppForTest/Info.plist;
				INFOPLIST_KEY_UIApplicationSupportsIndirectInputEvents = YES;
				INFOPLIST_KEY_UILaunchStoryboardName = LaunchScreen;
				INFOPLIST_KEY_UISupportedInterfaceOrientations_iPad = "UIInterfaceOrientationPortrait UIInterfaceOrientationPortraitUpsideDown UIInterfaceOrientationLandscapeLeft UIInterfaceOrientationLandscapeRight";
				INFOPLIST_KEY_UISupportedInterfaceOrientations_iPhone = "UIInterfaceOrientationPortrait UIInterfaceOrientationLandscapeLeft UIInterfaceOrientationLandscapeRight";
				LD_RUNPATH_SEARCH_PATHS = (
					"$(inherited)",
					"@executable_path/Frameworks",
				);
				MARKETING_VERSION = 1.0;
				PRODUCT_BUNDLE_IDENTIFIER = com.TestProject.AppForTest;
				PRODUCT_NAME = "$(TARGET_NAME)";
				STRING_CATALOG_GENERATE_SYMBOLS = YES;
				SWIFT_APPROACHABLE_CONCURRENCY = YES;
				SWIFT_DEFAULT_ACTOR_ISOLATION = MainActor;
				SWIFT_EMIT_LOC_STRINGS = YES;
				SWIFT_UPCOMING_FEATURE_MEMBER_IMPORT_VISIBILITY = YES;
				SWIFT_VERSION = 5.0;
				TARGETED_DEVICE_FAMILY = "1,2";
			};
			name = Release;
		};
		50E8774B2F7D623C00943B66 /* Debug */ = {
			isa = XCBuildConfiguration;
			buildSettings = {
				ALWAYS_SEARCH_USER_PATHS = NO;
				ASSETCATALOG_COMPILER_GENERATE_SWIFT_ASSET_SYMBOL_EXTENSIONS = YES;
				CLANG_ANALYZER_NONNULL = YES;
				CLANG_ANALYZER_NUMBER_OBJECT_CONVERSION = YES_AGGRESSIVE;
				CLANG_CXX_LANGUAGE_STANDARD = "gnu++20";
				CLANG_ENABLE_MODULES = YES;
				CLANG_ENABLE_OBJC_ARC = YES;
				CLANG_ENABLE_OBJC_WEAK = YES;
				CLANG_WARN_BLOCK_CAPTURE_AUTORELEASING = YES;
				CLANG_WARN_BOOL_CONVERSION = YES;
				CLANG_WARN_COMMA = YES;
				CLANG_WARN_CONSTANT_CONVERSION = YES;
				CLANG_WARN_DEPRECATED_OBJC_IMPLEMENTATIONS = YES;
				CLANG_WARN_DIRECT_OBJC_ISA_USAGE = YES_ERROR;
				CLANG_WARN_DOCUMENTATION_COMMENTS = YES;
				CLANG_WARN_EMPTY_BODY = YES;
				CLANG_WARN_ENUM_CONVERSION = YES;
				CLANG_WARN_INFINITE_RECURSION = YES;
				CLANG_WARN_INT_CONVERSION = YES;
				CLANG_WARN_NON_LITERAL_NULL_CONVERSION = YES;
				CLANG_WARN_OBJC_IMPLICIT_RETAIN_SELF = YES;
				CLANG_WARN_OBJC_LITERAL_CONVERSION = YES;
				CLANG_WARN_OBJC_ROOT_CLASS = YES_ERROR;
				CLANG_WARN_QUOTED_INCLUDE_IN_FRAMEWORK_HEADER = YES;
				CLANG_WARN_RANGE_LOOP_ANALYSIS = YES;
				CLANG_WARN_STRICT_PROTOTYPES = YES;
				CLANG_WARN_SUSPICIOUS_MOVE = YES;
				CLANG_WARN_UNGUARDED_AVAILABILITY = YES_AGGRESSIVE;
				CLANG_WARN_UNREACHABLE_CODE = YES;
				CLANG_WARN__DUPLICATE_METHOD_MATCH = YES;
				COPY_PHASE_STRIP = NO;
				DEBUG_INFORMATION_FORMAT = dwarf;
				DEVELOPMENT_TEAM = JVAJVCXNP9;
				ENABLE_STRICT_OBJC_MSGSEND = YES;
				ENABLE_TESTABILITY = YES;
				ENABLE_USER_SCRIPT_SANDBOXING = YES;
				GCC_C_LANGUAGE_STANDARD = gnu17;
				GCC_DYNAMIC_NO_PIC = NO;
				GCC_NO_COMMON_BLOCKS = YES;
				GCC_OPTIMIZATION_LEVEL = 0;
				GCC_PREPROCESSOR_DEFINITIONS = (
					"DEBUG=1",
					"$(inherited)",
				);
				GCC_WARN_64_TO_32_BIT_CONVERSION = YES;
				GCC_WARN_ABOUT_RETURN_TYPE = YES_ERROR;
				GCC_WARN_UNDECLARED_SELECTOR = YES;
				GCC_WARN_UNINITIALIZED_AUTOS = YES_AGGRESSIVE;
				GCC_WARN_UNUSED_FUNCTION = YES;
				GCC_WARN_UNUSED_VARIABLE = YES;
				IPHONEOS_DEPLOYMENT_TARGET = 26.0;
				LOCALIZATION_PREFERS_STRING_CATALOGS = YES;
				MTL_ENABLE_DEBUG_INFO = INCLUDE_SOURCE;
				MTL_FAST_MATH = YES;
				ONLY_ACTIVE_ARCH = YES;
				SDKROOT = iphoneos;
				SWIFT_ACTIVE_COMPILATION_CONDITIONS = "DEBUG $(inherited)";
				SWIFT_OPTIMIZATION_LEVEL = "-Onone";
			};
			name = Debug;
		};
		50E8774C2F7D623C00943B66 /* Release */ = {
			isa = XCBuildConfiguration;
			buildSettings = {
				ALWAYS_SEARCH_USER_PATHS = NO;
				ASSETCATALOG_COMPILER_GENERATE_SWIFT_ASSET_SYMBOL_EXTENSIONS = YES;
				CLANG_ANALYZER_NONNULL = YES;
				CLANG_ANALYZER_NUMBER_OBJECT_CONVERSION = YES_AGGRESSIVE;
				CLANG_CXX_LANGUAGE_STANDARD = "gnu++20";
				CLANG_ENABLE_MODULES = YES;
				CLANG_ENABLE_OBJC_ARC = YES;
				CLANG_ENABLE_OBJC_WEAK = YES;
				CLANG_WARN_BLOCK_CAPTURE_AUTORELEASING = YES;
				CLANG_WARN_BOOL_CONVERSION = YES;
				CLANG_WARN_COMMA = YES;
				CLANG_WARN_CONSTANT_CONVERSION = YES;
				CLANG_WARN_DEPRECATED_OBJC_IMPLEMENTATIONS = YES;
				CLANG_WARN_DIRECT_OBJC_ISA_USAGE = YES_ERROR;
				CLANG_WARN_DOCUMENTATION_COMMENTS = YES;
				CLANG_WARN_EMPTY_BODY = YES;
				CLANG_WARN_ENUM_CONVERSION = YES;
				CLANG_WARN_INFINITE_RECURSION = YES;
				CLANG_WARN_INT_CONVERSION = YES;
				CLANG_WARN_NON_LITERAL_NULL_CONVERSION = YES;
				CLANG_WARN_OBJC_IMPLICIT_RETAIN_SELF = YES;
				CLANG_WARN_OBJC_LITERAL_CONVERSION = YES;
				CLANG_WARN_OBJC_ROOT_CLASS = YES_ERROR;
				CLANG_WARN_QUOTED_INCLUDE_IN_FRAMEWORK_HEADER = YES;
				CLANG_WARN_RANGE_LOOP_ANALYSIS = YES;
				CLANG_WARN_STRICT_PROTOTYPES = YES;
				CLANG_WARN_SUSPICIOUS_MOVE = YES;
				CLANG_WARN_UNGUARDED_AVAILABILITY = YES_AGGRESSIVE;
				CLANG_WARN_UNREACHABLE_CODE = YES;
				CLANG_WARN__DUPLICATE_METHOD_MATCH = YES;
				COPY_PHASE_STRIP = NO;
				DEBUG_INFORMATION_FORMAT = "dwarf-with-dsym";
				DEVELOPMENT_TEAM = JVAJVCXNP9;
				ENABLE_NS_ASSERTIONS = NO;
				ENABLE_STRICT_OBJC_MSGSEND = YES;
				ENABLE_USER_SCRIPT_SANDBOXING = YES;
				GCC_C_LANGUAGE_STANDARD = gnu17;
				GCC_NO_COMMON_BLOCKS = YES;
				GCC_WARN_64_TO_32_BIT_CONVERSION = YES;
				GCC_WARN_ABOUT_RETURN_TYPE = YES_ERROR;
				GCC_WARN_UNDECLARED_SELECTOR = YES;
				GCC_WARN_UNINITIALIZED_AUTOS = YES_AGGRESSIVE;
				GCC_WARN_UNUSED_FUNCTION = YES;
				GCC_WARN_UNUSED_VARIABLE = YES;
				IPHONEOS_DEPLOYMENT_TARGET = 26.0;
				LOCALIZATION_PREFERS_STRING_CATALOGS = YES;
				MTL_ENABLE_DEBUG_INFO = NO;
				MTL_FAST_MATH = YES;
				SDKROOT = iphoneos;
				SWIFT_COMPILATION_MODE = wholemodule;
				VALIDATE_PRODUCT = YES;
			};
			name = Release;
		};
		50E8774E2F7D623C00943B66 /* Debug */ = {
			isa = XCBuildConfiguration;
			baseConfigurationReference = D674A6B3478D20756B617AB2 /* Pods-AppForTestTests.debug.xcconfig */;
			buildSettings = {
				BUNDLE_LOADER = "$(TEST_HOST)";
				CODE_SIGN_STYLE = Automatic;
				CURRENT_PROJECT_VERSION = 1;
				DEVELOPMENT_TEAM = JVAJVCXNP9;
				GENERATE_INFOPLIST_FILE = YES;
				IPHONEOS_DEPLOYMENT_TARGET = 26.0;
				MARKETING_VERSION = 1.0;
				PRODUCT_BUNDLE_IDENTIFIER = com.TestProject.AppForTestTests;
				PRODUCT_NAME = "$(TARGET_NAME)";
				STRING_CATALOG_GENERATE_SYMBOLS = NO;
				SWIFT_APPROACHABLE_CONCURRENCY = YES;
				SWIFT_EMIT_LOC_STRINGS = NO;
				SWIFT_UPCOMING_FEATURE_MEMBER_IMPORT_VISIBILITY = YES;
				SWIFT_VERSION = 5.0;
				TARGETED_DEVICE_FAMILY = "1,2";
				TEST_HOST = "$(BUILT_PRODUCTS_DIR)/AppForTest.app/$(BUNDLE_EXECUTABLE_FOLDER_PATH)/AppForTest";
			};
			name = Debug;
		};
		50E8774F2F7D623C00943B66 /* Release */ = {
			isa = XCBuildConfiguration;
			baseConfigurationReference = 75979E2C3E70FF948175AFB9 /* Pods-AppForTestTests.release.xcconfig */;
			buildSettings = {
				BUNDLE_LOADER = "$(TEST_HOST)";
				CODE_SIGN_STYLE = Automatic;
				CURRENT_PROJECT_VERSION = 1;
				DEVELOPMENT_TEAM = JVAJVCXNP9;
				GENERATE_INFOPLIST_FILE = YES;
				IPHONEOS_DEPLOYMENT_TARGET = 26.0;
				MARKETING_VERSION = 1.0;
				PRODUCT_BUNDLE_IDENTIFIER = com.TestProject.AppForTestTests;
				PRODUCT_NAME = "$(TARGET_NAME)";
				STRING_CATALOG_GENERATE_SYMBOLS = NO;
				SWIFT_APPROACHABLE_CONCURRENCY = YES;
				SWIFT_EMIT_LOC_STRINGS = NO;
				SWIFT_UPCOMING_FEATURE_MEMBER_IMPORT_VISIBILITY = YES;
				SWIFT_VERSION = 5.0;
				TARGETED_DEVICE_FAMILY = "1,2";
				TEST_HOST = "$(BUILT_PRODUCTS_DIR)/AppForTest.app/$(BUNDLE_EXECUTABLE_FOLDER_PATH)/AppForTest";
			};
			name = Release;
		};
		50E877512F7D623C00943B66 /* Debug */ = {
			isa = XCBuildConfiguration;
			baseConfigurationReference = 53403BBB53D1BB9B9ADA912A /* Pods-AppForTest-AppForTestUITests.debug.xcconfig */;
			buildSettings = {
				CODE_SIGN_STYLE = Automatic;
				CURRENT_PROJECT_VERSION = 1;
				DEVELOPMENT_TEAM = JVAJVCXNP9;
				GENERATE_INFOPLIST_FILE = YES;
				MARKETING_VERSION = 1.0;
				PRODUCT_BUNDLE_IDENTIFIER = com.TestProject.AppForTestUITests;
				PRODUCT_NAME = "$(TARGET_NAME)";
				STRING_CATALOG_GENERATE_SYMBOLS = NO;
				SWIFT_APPROACHABLE_CONCURRENCY = YES;
				SWIFT_EMIT_LOC_STRINGS = NO;
				SWIFT_UPCOMING_FEATURE_MEMBER_IMPORT_VISIBILITY = YES;
				SWIFT_VERSION = 5.0;
				TARGETED_DEVICE_FAMILY = "1,2";
				TEST_TARGET_NAME = AppForTest;
			};
			name = Debug;
		};
		50E877522F7D623C00943B66 /* Release */ = {
			isa = XCBuildConfiguration;
			baseConfigurationReference = 02CDFB09A5DB707E390FC00C /* Pods-AppForTest-AppForTestUITests.release.xcconfig */;
			buildSettings = {
				CODE_SIGN_STYLE = Automatic;
				CURRENT_PROJECT_VERSION = 1;
				DEVELOPMENT_TEAM = JVAJVCXNP9;
				GENERATE_INFOPLIST_FILE = YES;
				MARKETING_VERSION = 1.0;
				PRODUCT_BUNDLE_IDENTIFIER = com.TestProject.AppForTestUITests;
				PRODUCT_NAME = "$(TARGET_NAME)";
				STRING_CATALOG_GENERATE_SYMBOLS = NO;
				SWIFT_APPROACHABLE_CONCURRENCY = YES;
				SWIFT_EMIT_LOC_STRINGS = NO;
				SWIFT_UPCOMING_FEATURE_MEMBER_IMPORT_VISIBILITY = YES;
				SWIFT_VERSION = 5.0;
				TARGETED_DEVICE_FAMILY = "1,2";
				TEST_TARGET_NAME = AppForTest;
			};
			name = Release;
		};
/* End XCBuildConfiguration section */

/* Begin XCConfigurationList section */
		50E8771A2F7D623B00943B66 /* Build configuration list for PBXProject "AppForTest" */ = {
			isa = XCConfigurationList;
			buildConfigurations = (
				50E8774B2F7D623C00943B66 /* Debug */,
				50E8774C2F7D623C00943B66 /* Release */,
			);
			defaultConfigurationIsVisible = 0;
			defaultConfigurationName = Release;
		};
		50E877482F7D623C00943B66 /* Build configuration list for PBXNativeTarget "AppForTest" */ = {
			isa = XCConfigurationList;
			buildConfigurations = (
				50E877492F7D623C00943B66 /* Debug */,
				50E8774A2F7D623C00943B66 /* Release */,
			);
			defaultConfigurationIsVisible = 0;
			defaultConfigurationName = Release;
		};
		50E8774D2F7D623C00943B66 /* Build configuration list for PBXNativeTarget "AppForTestTests" */ = {
			isa = XCConfigurationList;
			buildConfigurations = (
				50E8774E2F7D623C00943B66 /* Debug */,
				50E8774F2F7D623C00943B66 /* Release */,
			);
			defaultConfigurationIsVisible = 0;
			defaultConfigurationName = Release;
		};
		50E877502F7D623C00943B66 /* Build configuration list for PBXNativeTarget "AppForTestUITests" */ = {
			isa = XCConfigurationList;
			buildConfigurations = (
				50E877512F7D623C00943B66 /* Debug */,
				50E877522F7D623C00943B66 /* Release */,
			);
			defaultConfigurationIsVisible = 0;
			defaultConfigurationName = Release;
		};
/* End XCConfigurationList section */
	};
	rootObject = 50E877172F7D623B00943B66 /* Project object */;
}
